
Microsoft Visual Studio Solution File, Format Version 12.00
# Visual Studio Version 17
VisualStudioVersion = 17.8.34525.116
MinimumVisualStudioVersion = 10.0.40219.1
Project("{FAE04EC0-301F-11D3-BF4B-00C04F79EFBC}") = "MauiPrimeiroApp", "MauiPrimeiroApp\MauiPrimeiroApp.csproj", "{9602CD26-A20D-477E-AB2D-FA5D247A1192}"
EndProject
Global
	GlobalSection(SolutionConfigurationPlatforms) = preSolution
		Debug|Any CPU = Debug|Any CPU
		Release|Any CPU = Release|Any CPU
	EndGlobalSection
	GlobalSection(ProjectConfigurationPlatforms) = postSolution
		{9602CD26-A20D-477E-AB2D-FA5D247A1192}.Debug|Any CPU.ActiveCfg = Debug|Any CPU
		{9602CD26-A20D-477E-AB2D-FA5D247A1192}.Debug|Any CPU.Build.0 = Debug|Any CPU
		{9602CD26-A20D-477E-AB2D-FA5D247A1192}.Debug|Any CPU.Deploy.0 = Debug|Any CPU
		{9602CD26-A20D-477E-AB2D-FA5D247A1192}.Release|Any CPU.ActiveCfg = Release|Any CPU
		{9602CD26-A20D-477E-AB2D-FA5D247A1192}.Release|Any CPU.Build.0 = Release|Any CPU
		{9602CD26-A20D-477E-AB2D-FA5D247A1192}.Release|Any CPU.Deploy.0 = Release|Any CPU
	EndGlobalSection
	GlobalSection(SolutionProperties) = preSolution
		HideSolutionNode = FALSE
	EndGlobalSection
	GlobalSection(ExtensibilityGlobals) = postSolution
		SolutionGuid = {D036D34D-6B58-4ACA-8424-3FA5A973E460}
	EndGlobalSection
EndGlobal
